
Microsoft Visual Studio Solution File, Format Version 12.00
# Visual Studio Version 17
VisualStudioVersion = 17.3.32901.215
MinimumVisualStudioVersion = 10.0.40219.1
Project("{9A19103F-16F7-4668-BE54-9A1E7A4F7556}") = "ImageResizeWebApp", "ImageResizeWebApp.csproj", "{35E01F82-7D6D-4E19-A4C9-7D19C73B822E}"
EndProject
Project("{9A19103F-16F7-4668-BE54-9A1E7A4F7556}") = "ImageFunctions", "..\ImageFunctions\ImageFunctions.csproj", "{14D4B64E-D46E-4023-AAF6-80880E62253C}"
EndProject
Global
	GlobalSection(SolutionConfigurationPlatforms) = preSolution
		Debug|Any CPU = Debug|Any CPU
		Release|Any CPU = Release|Any CPU
	EndGlobalSection
	GlobalSection(ProjectConfigurationPlatforms) = postSolution
		{35E01F82-7D6D-4E19-A4C9-7D19C73B822E}.Debug|Any CPU.ActiveCfg = Debug|Any CPU
		{35E01F82-7D6D-4E19-A4C9-7D19C73B822E}.Debug|Any CPU.Build.0 = Debug|Any CPU
		{35E01F82-7D6D-4E19-A4C9-7D19C73B822E}.Release|Any CPU.ActiveCfg = Release|Any CPU
		{35E01F82-7D6D-4E19-A4C9-7D19C73B822E}.Release|Any CPU.Build.0 = Release|Any CPU
		{14D4B64E-D46E-4023-AAF6-80880E62253C}.Debug|Any CPU.ActiveCfg = Debug|Any CPU
		{14D4B64E-D46E-4023-AAF6-80880E62253C}.Debug|Any CPU.Build.0 = Debug|Any CPU
		{14D4B64E-D46E-4023-AAF6-80880E62253C}.Release|Any CPU.ActiveCfg = Release|Any CPU
		{14D4B64E-D46E-4023-AAF6-80880E62253C}.Release|Any CPU.Build.0 = Release|Any CPU
	EndGlobalSection
	GlobalSection(SolutionProperties) = preSolution
		HideSolutionNode = FALSE
	EndGlobalSection
	GlobalSection(ExtensibilityGlobals) = postSolution
		SolutionGuid = {0945AA7B-B968-43D2-BC54-CBE3AA596FD9}
	EndGlobalSection
EndGlobal
